
Microsoft Visual Studio Solution File, Format Version 12.00
Project("{2150E333-8FDC-42A3-9474-1A3956D46DE8}") = "Test", "Test", "{FF32067E-488A-4DBF-941F-4E8AB6A5FA49}"
EndProject
Project("{FAE04EC0-301F-11D3-BF4B-00C04F79EFBC}") = "AssessmentInfrastructure.Test.Unit", "test\AssessmentInfrastructure.Test.Unit\AssessmentInfrastructure.Test.Unit.csproj", "{F645600C-3163-4D28-9A76-98AF1564134F}"
EndProject
Project("{2150E333-8FDC-42A3-9474-1A3956D46DE8}") = "src", "src", "{533FAEBA-6A4A-4E8C-A4CA-F0C5DBF3DD97}"
EndProject
Project("{FAE04EC0-301F-11D3-BF4B-00C04F79EFBC}") = "Assessment.Console", "src\Assessment.Console\Assessment.Console.csproj", "{96AEF51A-6DEB-4EAD-8368-3E689458F598}"
EndProject
Project("{FAE04EC0-301F-11D3-BF4B-00C04F79EFBC}") = "Application", "src\Application\Application.csproj", "{57C940D9-DC8E-43B0-8DD6-9C8B0B788D42}"
EndProject
Project("{FAE04EC0-301F-11D3-BF4B-00C04F79EFBC}") = "Domain", "src\Domain\Domain.csproj", "{114E3D6A-3FCE-4A56-BC41-28478800507B}"
EndProject
Project("{FAE04EC0-301F-11D3-BF4B-00C04F79EFBC}") = "Infrastructure", "src\Infrastructure\Infrastructure.csproj", "{1C9E4DB2-33EF-4273-BA00-BA1D056F40F9}"
EndProject
Project("{FAE04EC0-301F-11D3-BF4B-00C04F79EFBC}") = "Assessment.API", "src\Assessment.API\Assessment.API.csproj", "{A5833548-4511-43AE-9FA7-1DAC2BCD6EA4}"
EndProject
Project("{FAE04EC0-301F-11D3-BF4B-00C04F79EFBC}") = "Assessment.API.Test.Unit", "test\Assessment.API.Test.Unit\Assessment.API.Test.Unit.csproj", "{EAF103A3-ECC7-4255-B3C7-8ACE7D0FB4ED}"
EndProject
Project("{FAE04EC0-301F-11D3-BF4B-00C04F79EFBC}") = "Assessement.Application.Test.Unit", "test\Assessement.Application.Test.Unit\Assessement.Application.Test.Unit.csproj", "{34C6A93E-94D2-4A7B-A86F-46DC96CE40F4}"
EndProject
Global
	GlobalSection(SolutionConfigurationPlatforms) = preSolution
		Debug|Any CPU = Debug|Any CPU
		Release|Any CPU = Release|Any CPU
	EndGlobalSection
	GlobalSection(ProjectConfigurationPlatforms) = postSolution
		{F645600C-3163-4D28-9A76-98AF1564134F}.Debug|Any CPU.ActiveCfg = Debug|Any CPU
		{F645600C-3163-4D28-9A76-98AF1564134F}.Debug|Any CPU.Build.0 = Debug|Any CPU
		{F645600C-3163-4D28-9A76-98AF1564134F}.Release|Any CPU.ActiveCfg = Release|Any CPU
		{F645600C-3163-4D28-9A76-98AF1564134F}.Release|Any CPU.Build.0 = Release|Any CPU
		{96AEF51A-6DEB-4EAD-8368-3E689458F598}.Debug|Any CPU.ActiveCfg = Debug|Any CPU
		{96AEF51A-6DEB-4EAD-8368-3E689458F598}.Debug|Any CPU.Build.0 = Debug|Any CPU
		{96AEF51A-6DEB-4EAD-8368-3E689458F598}.Release|Any CPU.ActiveCfg = Release|Any CPU
		{96AEF51A-6DEB-4EAD-8368-3E689458F598}.Release|Any CPU.Build.0 = Release|Any CPU
		{57C940D9-DC8E-43B0-8DD6-9C8B0B788D42}.Debug|Any CPU.ActiveCfg = Debug|Any CPU
		{57C940D9-DC8E-43B0-8DD6-9C8B0B788D42}.Debug|Any CPU.Build.0 = Debug|Any CPU
		{57C940D9-DC8E-43B0-8DD6-9C8B0B788D42}.Release|Any CPU.ActiveCfg = Release|Any CPU
		{57C940D9-DC8E-43B0-8DD6-9C8B0B788D42}.Release|Any CPU.Build.0 = Release|Any CPU
		{114E3D6A-3FCE-4A56-BC41-28478800507B}.Debug|Any CPU.ActiveCfg = Debug|Any CPU
		{114E3D6A-3FCE-4A56-BC41-28478800507B}.Debug|Any CPU.Build.0 = Debug|Any CPU
		{114E3D6A-3FCE-4A56-BC41-28478800507B}.Release|Any CPU.ActiveCfg = Release|Any CPU
		{114E3D6A-3FCE-4A56-BC41-28478800507B}.Release|Any CPU.Build.0 = Release|Any CPU
		{1C9E4DB2-33EF-4273-BA00-BA1D056F40F9}.Debug|Any CPU.ActiveCfg = Debug|Any CPU
		{1C9E4DB2-33EF-4273-BA00-BA1D056F40F9}.Debug|Any CPU.Build.0 = Debug|Any CPU
		{1C9E4DB2-33EF-4273-BA00-BA1D056F40F9}.Release|Any CPU.ActiveCfg = Release|Any CPU
		{1C9E4DB2-33EF-4273-BA00-BA1D056F40F9}.Release|Any CPU.Build.0 = Release|Any CPU
		{A5833548-4511-43AE-9FA7-1DAC2BCD6EA4}.Debug|Any CPU.ActiveCfg = Debug|Any CPU
		{A5833548-4511-43AE-9FA7-1DAC2BCD6EA4}.Debug|Any CPU.Build.0 = Debug|Any CPU
		{A5833548-4511-43AE-9FA7-1DAC2BCD6EA4}.Release|Any CPU.ActiveCfg = Release|Any CPU
		{A5833548-4511-43AE-9FA7-1DAC2BCD6EA4}.Release|Any CPU.Build.0 = Release|Any CPU
		{EAF103A3-ECC7-4255-B3C7-8ACE7D0FB4ED}.Debug|Any CPU.ActiveCfg = Debug|Any CPU
		{EAF103A3-ECC7-4255-B3C7-8ACE7D0FB4ED}.Debug|Any CPU.Build.0 = Debug|Any CPU
		{EAF103A3-ECC7-4255-B3C7-8ACE7D0FB4ED}.Release|Any CPU.ActiveCfg = Release|Any CPU
		{EAF103A3-ECC7-4255-B3C7-8ACE7D0FB4ED}.Release|Any CPU.Build.0 = Release|Any CPU
		{34C6A93E-94D2-4A7B-A86F-46DC96CE40F4}.Debug|Any CPU.ActiveCfg = Debug|Any CPU
		{34C6A93E-94D2-4A7B-A86F-46DC96CE40F4}.Debug|Any CPU.Build.0 = Debug|Any CPU
		{34C6A93E-94D2-4A7B-A86F-46DC96CE40F4}.Release|Any CPU.ActiveCfg = Release|Any CPU
		{34C6A93E-94D2-4A7B-A86F-46DC96CE40F4}.Release|Any CPU.Build.0 = Release|Any CPU
	EndGlobalSection
	GlobalSection(NestedProjects) = preSolution
		{F645600C-3163-4D28-9A76-98AF1564134F} = {FF32067E-488A-4DBF-941F-4E8AB6A5FA49}
		{96AEF51A-6DEB-4EAD-8368-3E689458F598} = {533FAEBA-6A4A-4E8C-A4CA-F0C5DBF3DD97}
		{57C940D9-DC8E-43B0-8DD6-9C8B0B788D42} = {533FAEBA-6A4A-4E8C-A4CA-F0C5DBF3DD97}
		{114E3D6A-3FCE-4A56-BC41-28478800507B} = {533FAEBA-6A4A-4E8C-A4CA-F0C5DBF3DD97}
		{1C9E4DB2-33EF-4273-BA00-BA1D056F40F9} = {533FAEBA-6A4A-4E8C-A4CA-F0C5DBF3DD97}
		{A5833548-4511-43AE-9FA7-1DAC2BCD6EA4} = {533FAEBA-6A4A-4E8C-A4CA-F0C5DBF3DD97}
		{EAF103A3-ECC7-4255-B3C7-8ACE7D0FB4ED} = {FF32067E-488A-4DBF-941F-4E8AB6A5FA49}
		{34C6A93E-94D2-4A7B-A86F-46DC96CE40F4} = {FF32067E-488A-4DBF-941F-4E8AB6A5FA49}
	EndGlobalSection
EndGlobal
